Microsoft Visual Studio Solution File, Format Version 12.00
# Visual Studio 15
VisualStudioVersion = 15.0.26730.16
MinimumVisualStudioVersion = 10.0.40219.1
Project("{9A19103F-16F7-4668-BE54-9A1E7A4F7556}") = "TheKaleCartelWebApi", "TheKaleCartelWebApi\TheKaleCartelWebApi.csproj", "{6A3B175A-BAC7-42FE-A85E-EA266AEEA967}"
EndProject
Project("{9A19103F-16F7-4668-BE54-9A1E7A4F7556}") = "ThekaleCartel.Test", "TheKaleCartel.Test\ThekaleCartel.Test.csproj", "{B08815FC-9103-4D7B-AF85-80A14DB88D54}"
EndProject
Global
	GlobalSection(SolutionConfigurationPlatforms) = preSolution
		Debug|Any CPU = Debug|Any CPU
		Debug|x64 = Debug|x64
		Debug|x86 = Debug|x86
		Release|Any CPU = Release|Any CPU
		Release|x64 = Release|x64
		Release|x86 = Release|x86
	EndGlobalSection
	GlobalSection(ProjectConfigurationPlatforms) = postSolution
		{6A3B175A-BAC7-42FE-A85E-EA266AEEA967}.Debug|Any CPU.ActiveCfg = Debug|Any CPU
		{6A3B175A-BAC7-42FE-A85E-EA266AEEA967}.Debug|Any CPU.Build.0 = Debug|Any CPU
		{6A3B175A-BAC7-42FE-A85E-EA266AEEA967}.Debug|x64.ActiveCfg = Debug|Any CPU
		{6A3B175A-BAC7-42FE-A85E-EA266AEEA967}.Debug|x64.Build.0 = Debug|Any CPU
		{6A3B175A-BAC7-42FE-A85E-EA266AEEA967}.Debug|x86.ActiveCfg = Debug|Any CPU
		{6A3B175A-BAC7-42FE-A85E-EA266AEEA967}.Debug|x86.Build.0 = Debug|Any CPU
		{6A3B175A-BAC7-42FE-A85E-EA266AEEA967}.Release|Any CPU.ActiveCfg = Release|Any CPU
		{6A3B175A-BAC7-42FE-A85E-EA266AEEA967}.Release|Any CPU.Build.0 = Release|Any CPU
		{6A3B175A-BAC7-42FE-A85E-EA266AEEA967}.Release|x64.ActiveCfg = Release|Any CPU
		{6A3B175A-BAC7-42FE-A85E-EA266AEEA967}.Release|x64.Build.0 = Release|Any CPU
		{6A3B175A-BAC7-42FE-A85E-EA266AEEA967}.Release|x86.ActiveCfg = Release|Any CPU
		{6A3B175A-BAC7-42FE-A85E-EA266AEEA967}.Release|x86.Build.0 = Release|Any CPU
		{B08815FC-9103-4D7B-AF85-80A14DB88D54}.Debug|Any CPU.ActiveCfg = Debug|Any CPU
		{B08815FC-9103-4D7B-AF85-80A14DB88D54}.Debug|Any CPU.Build.0 = Debug|Any CPU
		{B08815FC-9103-4D7B-AF85-80A14DB88D54}.Debug|x64.ActiveCfg = Debug|Any CPU
		{B08815FC-9103-4D7B-AF85-80A14DB88D54}.Debug|x64.Build.0 = Debug|Any CPU
		{B08815FC-9103-4D7B-AF85-80A14DB88D54}.Debug|x86.ActiveCfg = Debug|Any CPU
		{B08815FC-9103-4D7B-AF85-80A14DB88D54}.Debug|x86.Build.0 = Debug|Any CPU
		{B08815FC-9103-4D7B-AF85-80A14DB88D54}.Release|Any CPU.ActiveCfg = Release|Any CPU
		{B08815FC-9103-4D7B-AF85-80A14DB88D54}.Release|Any CPU.Build.0 = Release|Any CPU
		{B08815FC-9103-4D7B-AF85-80A14DB88D54}.Release|x64.ActiveCfg = Release|Any CPU
		{B08815FC-9103-4D7B-AF85-80A14DB88D54}.Release|x64.Build.0 = Release|Any CPU
		{B08815FC-9103-4D7B-AF85-80A14DB88D54}.Release|x86.ActiveCfg = Release|Any CPU
		{B08815FC-9103-4D7B-AF85-80A14DB88D54}.Release|x86.Build.0 = Release|Any CPU
	EndGlobalSection
	GlobalSection(SolutionProperties) = preSolution
		HideSolutionNode = FALSE
	EndGlobalSection
	GlobalSection(ExtensibilityGlobals) = postSolution
		SolutionGuid = {E1004258-782F-4053-82EE-5D7239F1ADDA}
	EndGlobalSection
EndGlobal
